
Microsoft Visual Studio Solution File, Format Version 12.00
# Visual Studio Version 16
VisualStudioVersion = 16.0.30114.105
MinimumVisualStudioVersion = 10.0.40219.1
Project("{FAE04EC0-301F-11D3-BF4B-00C04F79EFBC}") = "SIAMVC", "SIAMVC\SIAMVC.csproj", "{153BF0E1-5979-45B9-91F6-A4A18CD01FE7}"
EndProject
Global
	GlobalSection(SolutionConfigurationPlatforms) = preSolution
		Debug|Any CPU = Debug|Any CPU
		Release|Any CPU = Release|Any CPU
	EndGlobalSection
	GlobalSection(ProjectConfigurationPlatforms) = postSolution
		{153BF0E1-5979-45B9-91F6-A4A18CD01FE7}.Debug|Any CPU.ActiveCfg = Debug|Any CPU
		{153BF0E1-5979-45B9-91F6-A4A18CD01FE7}.Debug|Any CPU.Build.0 = Debug|Any CPU
		{153BF0E1-5979-45B9-91F6-A4A18CD01FE7}.Release|Any CPU.ActiveCfg = Release|Any CPU
		{153BF0E1-5979-45B9-91F6-A4A18CD01FE7}.Release|Any CPU.Build.0 = Release|Any CPU
	EndGlobalSection
	GlobalSection(SolutionProperties) = preSolution
		HideSolutionNode = FALSE
	EndGlobalSection
	GlobalSection(ExtensibilityGlobals) = postSolution
		SolutionGuid = {9F1D6B1E-B90A-4575-8F76-85E75C94853A}
	EndGlobalSection
EndGlobal
